
Microsoft Visual Studio Solution File, Format Version 12.00
# Visual Studio 2012
Project("{FAE04EC0-301F-11D3-BF4B-00C04F79EFBC}") = "FerChainMock", "FerChainMock\FerChainMock.csproj", "{B1AF247B-BD24-4624-A198-C62C0B1D6652}"
EndProject
Project("{2150E333-8FDC-42A3-9474-1A3956D46DE8}") = "FerChain", "FerChain", "{1FC7C282-B41D-40AE-A105-2BB90C627279}"
EndProject
Project("{FAE04EC0-301F-11D3-BF4B-00C04F79EFBC}") = "FerChainMock.DataAccessLayer", "FerChainMock.DataAccessLayer\FerChainMock.DataAccessLayer.csproj", "{B393832B-23D2-48A5-88EA-0A202642F7E9}"
EndProject
Project("{2150E333-8FDC-42A3-9474-1A3956D46DE8}") = "fwk", "fwk", "{8898DFD2-1501-4080-8D38-13C635A73CA5}"
EndProject
Project("{2150E333-8FDC-42A3-9474-1A3956D46DE8}") = "KoreConX", "KoreConX", "{B3E0594B-CC6F-493E-AB2D-744FBC67FE6C}"
EndProject
Project("{FAE04EC0-301F-11D3-BF4B-00C04F79EFBC}") = "KoreConXMock", "KoreConXMock\KoreConXMock.csproj", "{EECF84B8-41BE-4EC5-A087-76D34AEB6790}"
EndProject
Project("{FAE04EC0-301F-11D3-BF4B-00C04F79EFBC}") = "KoreConX.LogicLayer", "KoreConX.LogicLayer\KoreConX.LogicLayer.csproj", "{6DDFD4F7-A9BB-4FAC-836F-D9BE0B559B36}"
EndProject
Project("{FAE04EC0-301F-11D3-BF4B-00C04F79EFBC}") = "KoreConX.DataAccessLayer.Json", "KoreConX.DataAccessLayer.Json\KoreConX.DataAccessLayer.Json.csproj", "{9C6EEC93-AC3A-4D19-8FD2-E163F046D38E}"
EndProject
Project("{FAE04EC0-301F-11D3-BF4B-00C04F79EFBC}") = "KoreConX.ServiceLayer", "KoreConX.ServiceLayer\KoreConX.ServiceLayer.csproj", "{B6BA21A9-4AC2-422F-8784-55DF16C24F69}"
EndProject
Project("{FAE04EC0-301F-11D3-BF4B-00C04F79EFBC}") = "fwk.ServiceLayer", "fwk.ServiceLayer\fwk.ServiceLayer.csproj", "{FFFAAE30-F9DC-4B00-8B1D-92BE96B29504}"
EndProject
Project("{FAE04EC0-301F-11D3-BF4B-00C04F79EFBC}") = "fwk.Common", "fwk.Common\fwk.Common.csproj", "{6B88D2E0-1195-45F4-BA2B-3B1B4487553C}"
EndProject
Project("{FAE04EC0-301F-11D3-BF4B-00C04F79EFBC}") = "KoreConX.BusinessEntities", "KoreConX.BusinessEntities\KoreConX.BusinessEntities.csproj", "{D4695A69-7584-4AF2-B56E-517D0A36DF23}"
EndProject
Project("{FAE04EC0-301F-11D3-BF4B-00C04F79EFBC}") = "KoreConX.Common", "KoreConX.Common\KoreConX.Common.csproj", "{361CB23C-9C27-4110-896C-09F23D112C7F}"
EndProject
Project("{2150E333-8FDC-42A3-9474-1A3956D46DE8}") = "Mocks", "Mocks", "{88984988-E708-41FB-B8E5-5BBB0E632F80}"
EndProject
Project("{2150E333-8FDC-42A3-9474-1A3956D46DE8}") = "Apps", "Apps", "{7D8BFDE9-A886-451B-9691-632C466D9432}"
EndProject
Project("{2150E333-8FDC-42A3-9474-1A3956D46DE8}") = "Mocks", "Mocks", "{BB999A64-4039-46F6-BF18-A027A093EB98}"
EndProject
Project("{2150E333-8FDC-42A3-9474-1A3956D46DE8}") = "Encryption", "Encryption", "{4791CF57-6DE6-4FB2-9BDE-81E382714A7F}"
EndProject
Project("{FAE04EC0-301F-11D3-BF4B-00C04F79EFBC}") = "RialtoToKcxEncryption", "RialtoToKcxEncryption\RialtoToKcxEncryption.csproj", "{FD8DC637-155D-4B59-9692-3D29BAA0F0AB}"
EndProject
Project("{2150E333-8FDC-42A3-9474-1A3956D46DE8}") = "POCs", "POCs", "{BF03DBE5-263C-473C-96BA-6040AC9BF542}"
EndProject
Project("{FAE04EC0-301F-11D3-BF4B-00C04F79EFBC}") = "HoldReleasePOC", "HoldReleasePOC\HoldReleasePOC.csproj", "{D76B717E-C705-489B-A8F9-DD69E72FCD5C}"
EndProject
Project("{2150E333-8FDC-42A3-9474-1A3956D46DE8}") = "Clients", "Clients", "{F356514B-5DD5-42EB-8213-B76C67E62B37}"
EndProject
Project("{2150E333-8FDC-42A3-9474-1A3956D46DE8}") = "KoreConX", "KoreConX", "{6E906AB0-664E-4C4C-BD59-FADE2B15ADD8}"
EndProject
Project("{FAE04EC0-301F-11D3-BF4B-00C04F79EFBC}") = "Rialto.KoreConX.ServiceLayer", "Rialto.KoreConX.ServiceLayer\Rialto.KoreConX.ServiceLayer.csproj", "{E9B69679-949C-4916-B4E2-D991DAF3695A}"
EndProject
Project("{FAE04EC0-301F-11D3-BF4B-00C04F79EFBC}") = "Rialto.KoreConX.Common", "Rialto.KoreConX.Common\Rialto.KoreConX.Common.csproj", "{7B873223-880F-4734-9C2B-CE46C0B0198D}"
EndProject
Project("{FAE04EC0-301F-11D3-BF4B-00C04F79EFBC}") = "KCXToRialtoEncryption", "KCXToRialtoEncryption\KCXToRialtoEncryption.csproj", "{05ADCD21-51C3-44BF-880E-2237AB61202D}"
EndProject
Project("{FAE04EC0-301F-11D3-BF4B-00C04F79EFBC}") = "HoldTransferPOC", "HoldTransfer\HoldTransferPOC.csproj", "{2A926986-6B2C-4683-8C8F-9466BD46A586}"
EndProject
Project("{FAE04EC0-301F-11D3-BF4B-00C04F79EFBC}") = "OnboardShareholdersPOC", "OnboardShareholdersPOC\OnboardShareholdersPOC.csproj", "{3A1B040E-C782-4FA7-B3F3-CC886FAC99C1}"
EndProject
Project("{2150E333-8FDC-42A3-9474-1A3956D46DE8}") = "RialtoATS", "RialtoATS", "{D15CFF21-CF9C-44AE-9FEE-5A6C32DC1B17}"
EndProject
Project("{FAE04EC0-301F-11D3-BF4B-00C04F79EFBC}") = "Rialto.LogicLayer", "Rialto.LogicLayer\Rialto.LogicLayer.csproj", "{DE847274-2B88-42D7-A3EF-4EB647BE5DB3}"
EndProject
Project("{FAE04EC0-301F-11D3-BF4B-00C04F79EFBC}") = "Rialto.DataAccessLayer", "Rialto.DataAccessLayer\Rialto.DataAccessLayer.csproj", "{708A5F40-CC3C-4F0A-ACA5-B07085FA8BE8}"
EndProject
Project("{FAE04EC0-301F-11D3-BF4B-00C04F79EFBC}") = "Rialto.BusinessEntities", "Rialto.BusinessEntities\Rialto.BusinessEntities.csproj", "{9581E2DD-6510-4F11-AB29-9A4C44017D90}"
EndProject
Project("{FAE04EC0-301F-11D3-BF4B-00C04F79EFBC}") = "SettleTradesPOC", "SettleTradesPOC\SettleTradesPOC.csproj", "{BBC363D5-58A3-43A6-AB76-8F703D313879}"
EndProject
Project("{2150E333-8FDC-42A3-9474-1A3956D46DE8}") = "Services", "Services", "{7187B809-3F8C-4EF3-B3C4-56AFD1B8A380}"
EndProject
Project("{2150E333-8FDC-42A3-9474-1A3956D46DE8}") = "TransferService", "TransferService", "{367BB1E1-D802-47AD-BF29-F842826A3A9B}"
EndProject
Project("{2150E333-8FDC-42A3-9474-1A3956D46DE8}") = "GetTradesService", "GetTradesService", "{586C287C-A65B-4CFD-B997-8F46918A5075}"
EndProject
Project("{FAE04EC0-301F-11D3-BF4B-00C04F79EFBC}") = "TransferSharesApp", "TransferSharesApp\TransferSharesApp.csproj", "{1B8AF3C8-74CA-493A-938D-18CC23911682}"
EndProject
Project("{FAE04EC0-301F-11D3-BF4B-00C04F79EFBC}") = "Rialto.ServiceLayer", "Rialto.ServiceLayer\Rialto.ServiceLayer.csproj", "{9AD96B16-1937-44BB-A060-7679D05BF8CA}"
EndProject
Project("{FAE04EC0-301F-11D3-BF4B-00C04F79EFBC}") = "Rialto.Common", "Rialto.Common\Rialto.Common.csproj", "{9B377428-979B-4DA5-9DE5-BDA72EBF9CFE}"
EndProject
Project("{2150E333-8FDC-42A3-9474-1A3956D46DE8}") = "Rialto", "Rialto", "{83F5E650-6ACC-434A-A853-E3C5FF74D3E8}"
EndProject
Project("{FAE04EC0-301F-11D3-BF4B-00C04F79EFBC}") = "Rialto.Rialto.ServiceLayer", "Rialto.Rialto.ServiceLayer\Rialto.Rialto.ServiceLayer.csproj", "{5CF20691-5C36-4481-ACA9-119BAF16E5D4}"
EndProject
Project("{FAE04EC0-301F-11D3-BF4B-00C04F79EFBC}") = "Rialto.Rialto.Common", "Rialto.Rialto.Common\Rialto.Rialto.Common.csproj", "{545E569D-8C40-414A-BBC2-2228B6597F98}"
EndProject
Project("{FAE04EC0-301F-11D3-BF4B-00C04F79EFBC}") = "GetTradesApp", "GetTradesService\GetTradesApp.csproj", "{DF48A23E-C1BE-4C16-AF86-DECFDCB1B22A}"
EndProject
Project("{2150E333-8FDC-42A3-9474-1A3956D46DE8}") = "OnSellService", "OnSellService", "{CD6199B3-5807-49DD-875A-4E664D9A1970}"
EndProject
Project("{FAE04EC0-301F-11D3-BF4B-00C04F79EFBC}") = "OnSellApp", "HoldServiceApp\OnSellApp.csproj", "{122A9FB2-49D2-4982-BE6A-FCA3B9A0A5BB}"
EndProject
Project("{2150E333-8FDC-42A3-9474-1A3956D46DE8}") = "OnBuyService", "OnBuyService", "{CA1D6449-A7BC-4960-810C-CB8DBBE03C64}"
EndProject
Project("{FAE04EC0-301F-11D3-BF4B-00C04F79EFBC}") = "OnBuyApp", "OnBuyApp\OnBuyApp.csproj", "{3D294741-0D69-47B0-A612-5B5B8E5C7E14}"
EndProject
Project("{2150E333-8FDC-42A3-9474-1A3956D46DE8}") = "OnOrderCancelledOrExpired", "OnOrderCancelledOrExpired", "{F3C4E5D5-E5B6-4DCE-B0A6-38D24AE64EDD}"
EndProject
Project("{FAE04EC0-301F-11D3-BF4B-00C04F79EFBC}") = "OnOrderCancelledOrExpired", "OnOrderCancelledOrExpired\OnOrderCancelledOrExpired.csproj", "{C10C08E8-875B-4DED-8F3E-243FC553205F}"
EndProject
Project("{2150E333-8FDC-42A3-9474-1A3956D46DE8}") = "TestClients", "TestClients", "{8306AF10-7894-45E6-8E4C-B41DA43FD589}"
EndProject
Project("{FAE04EC0-301F-11D3-BF4B-00C04F79EFBC}") = "OnSellTestClient", "OnSellTestClient\OnSellTestClient.csproj", "{6D0B1CA9-DDF7-47FD-9892-361BF789DC7E}"
EndProject
Project("{2150E333-8FDC-42A3-9474-1A3956D46DE8}") = "OnboardingService", "OnboardingService", "{F24CA66C-4B88-42F9-9A18-15F6746EA370}"
EndProject
Project("{FAE04EC0-301F-11D3-BF4B-00C04F79EFBC}") = "OnboardingApp", "OnboardingApp\OnboardingApp.csproj", "{54BE0967-9D33-4352-A7B6-7E35559628D5}"
EndProject
Project("{2150E333-8FDC-42A3-9474-1A3956D46DE8}") = "Solidus", "Solidus", "{F00BD78C-FE07-4A86-A4CB-CC7099B9B8AA}"
EndProject
Project("{FAE04EC0-301F-11D3-BF4B-00C04F79EFBC}") = "Rialto.Solidus.Common", "Rialto.Solidus.Common\Rialto.Solidus.Common.csproj", "{CB9851BA-6651-4DE8-9E39-D8EF6314F081}"
EndProject
Project("{FAE04EC0-301F-11D3-BF4B-00C04F79EFBC}") = "Rialto.Solidus.ServiceLayer", "Rialto.Solidus.ServiceLayer\Rialto.Solidus.ServiceLayer.csproj", "{1E50E8DA-75BC-454B-ACB4-F7FE5789C1E5}"
EndProject
Project("{FAE04EC0-301F-11D3-BF4B-00C04F79EFBC}") = "OnboardShareholderTestClient", "OnboardShareholderTestClient\OnboardShareholderTestClient.csproj", "{D92097A9-7A4A-4DE9-932B-5BF511C7C23D}"
EndProject
Global
	GlobalSection(SolutionConfigurationPlatforms) = preSolution
		Debug|Any CPU = Debug|Any CPU
		Release|Any CPU = Release|Any CPU
	EndGlobalSection
	GlobalSection(ProjectConfigurationPlatforms) = postSolution
		{B1AF247B-BD24-4624-A198-C62C0B1D6652}.Debug|Any CPU.ActiveCfg = Debug|Any CPU
		{B1AF247B-BD24-4624-A198-C62C0B1D6652}.Debug|Any CPU.Build.0 = Debug|Any CPU
		{B1AF247B-BD24-4624-A198-C62C0B1D6652}.Release|Any CPU.ActiveCfg = Release|Any CPU
		{B1AF247B-BD24-4624-A198-C62C0B1D6652}.Release|Any CPU.Build.0 = Release|Any CPU
		{B393832B-23D2-48A5-88EA-0A202642F7E9}.Debug|Any CPU.ActiveCfg = Debug|Any CPU
		{B393832B-23D2-48A5-88EA-0A202642F7E9}.Debug|Any CPU.Build.0 = Debug|Any CPU
		{B393832B-23D2-48A5-88EA-0A202642F7E9}.Release|Any CPU.ActiveCfg = Release|Any CPU
		{B393832B-23D2-48A5-88EA-0A202642F7E9}.Release|Any CPU.Build.0 = Release|Any CPU
		{EECF84B8-41BE-4EC5-A087-76D34AEB6790}.Debug|Any CPU.ActiveCfg = Debug|Any CPU
		{EECF84B8-41BE-4EC5-A087-76D34AEB6790}.Debug|Any CPU.Build.0 = Debug|Any CPU
		{EECF84B8-41BE-4EC5-A087-76D34AEB6790}.Release|Any CPU.ActiveCfg = Release|Any CPU
		{EECF84B8-41BE-4EC5-A087-76D34AEB6790}.Release|Any CPU.Build.0 = Release|Any CPU
		{6DDFD4F7-A9BB-4FAC-836F-D9BE0B559B36}.Debug|Any CPU.ActiveCfg = Debug|Any CPU
		{6DDFD4F7-A9BB-4FAC-836F-D9BE0B559B36}.Debug|Any CPU.Build.0 = Debug|Any CPU
		{6DDFD4F7-A9BB-4FAC-836F-D9BE0B559B36}.Release|Any CPU.ActiveCfg = Release|Any CPU
		{6DDFD4F7-A9BB-4FAC-836F-D9BE0B559B36}.Release|Any CPU.Build.0 = Release|Any CPU
		{9C6EEC93-AC3A-4D19-8FD2-E163F046D38E}.Debug|Any CPU.ActiveCfg = Debug|Any CPU
		{9C6EEC93-AC3A-4D19-8FD2-E163F046D38E}.Debug|Any CPU.Build.0 = Debug|Any CPU
		{9C6EEC93-AC3A-4D19-8FD2-E163F046D38E}.Release|Any CPU.ActiveCfg = Release|Any CPU
		{9C6EEC93-AC3A-4D19-8FD2-E163F046D38E}.Release|Any CPU.Build.0 = Release|Any CPU
		{B6BA21A9-4AC2-422F-8784-55DF16C24F69}.Debug|Any CPU.ActiveCfg = Debug|Any CPU
		{B6BA21A9-4AC2-422F-8784-55DF16C24F69}.Debug|Any CPU.Build.0 = Debug|Any CPU
		{B6BA21A9-4AC2-422F-8784-55DF16C24F69}.Release|Any CPU.ActiveCfg = Release|Any CPU
		{B6BA21A9-4AC2-422F-8784-55DF16C24F69}.Release|Any CPU.Build.0 = Release|Any CPU
		{FFFAAE30-F9DC-4B00-8B1D-92BE96B29504}.Debug|Any CPU.ActiveCfg = Debug|Any CPU
		{FFFAAE30-F9DC-4B00-8B1D-92BE96B29504}.Debug|Any CPU.Build.0 = Debug|Any CPU
		{FFFAAE30-F9DC-4B00-8B1D-92BE96B29504}.Release|Any CPU.ActiveCfg = Release|Any CPU
		{FFFAAE30-F9DC-4B00-8B1D-92BE96B29504}.Release|Any CPU.Build.0 = Release|Any CPU
		{6B88D2E0-1195-45F4-BA2B-3B1B4487553C}.Debug|Any CPU.ActiveCfg = Debug|Any CPU
		{6B88D2E0-1195-45F4-BA2B-3B1B4487553C}.Debug|Any CPU.Build.0 = Debug|Any CPU
		{6B88D2E0-1195-45F4-BA2B-3B1B4487553C}.Release|Any CPU.ActiveCfg = Release|Any CPU
		{6B88D2E0-1195-45F4-BA2B-3B1B4487553C}.Release|Any CPU.Build.0 = Release|Any CPU
		{D4695A69-7584-4AF2-B56E-517D0A36DF23}.Debug|Any CPU.ActiveCfg = Debug|Any CPU
		{D4695A69-7584-4AF2-B56E-517D0A36DF23}.Debug|Any CPU.Build.0 = Debug|Any CPU
		{D4695A69-7584-4AF2-B56E-517D0A36DF23}.Release|Any CPU.ActiveCfg = Release|Any CPU
		{D4695A69-7584-4AF2-B56E-517D0A36DF23}.Release|Any CPU.Build.0 = Release|Any CPU
		{361CB23C-9C27-4110-896C-09F23D112C7F}.Debug|Any CPU.ActiveCfg = Debug|Any CPU
		{361CB23C-9C27-4110-896C-09F23D112C7F}.Debug|Any CPU.Build.0 = Debug|Any CPU
		{361CB23C-9C27-4110-896C-09F23D112C7F}.Release|Any CPU.ActiveCfg = Release|Any CPU
		{361CB23C-9C27-4110-896C-09F23D112C7F}.Release|Any CPU.Build.0 = Release|Any CPU
		{FD8DC637-155D-4B59-9692-3D29BAA0F0AB}.Debug|Any CPU.ActiveCfg = Debug|Any CPU
		{FD8DC637-155D-4B59-9692-3D29BAA0F0AB}.Debug|Any CPU.Build.0 = Debug|Any CPU
		{FD8DC637-155D-4B59-9692-3D29BAA0F0AB}.Release|Any CPU.ActiveCfg = Release|Any CPU
		{FD8DC637-155D-4B59-9692-3D29BAA0F0AB}.Release|Any CPU.Build.0 = Release|Any CPU
		{D76B717E-C705-489B-A8F9-DD69E72FCD5C}.Debug|Any CPU.ActiveCfg = Debug|Any CPU
		{D76B717E-C705-489B-A8F9-DD69E72FCD5C}.Debug|Any CPU.Build.0 = Debug|Any CPU
		{D76B717E-C705-489B-A8F9-DD69E72FCD5C}.Release|Any CPU.ActiveCfg = Release|Any CPU
		{D76B717E-C705-489B-A8F9-DD69E72FCD5C}.Release|Any CPU.Build.0 = Release|Any CPU
		{E9B69679-949C-4916-B4E2-D991DAF3695A}.Debug|Any CPU.ActiveCfg = Debug|Any CPU
		{E9B69679-949C-4916-B4E2-D991DAF3695A}.Debug|Any CPU.Build.0 = Debug|Any CPU
		{E9B69679-949C-4916-B4E2-D991DAF3695A}.Release|Any CPU.ActiveCfg = Release|Any CPU
		{E9B69679-949C-4916-B4E2-D991DAF3695A}.Release|Any CPU.Build.0 = Release|Any CPU
		{7B873223-880F-4734-9C2B-CE46C0B0198D}.Debug|Any CPU.ActiveCfg = Debug|Any CPU
		{7B873223-880F-4734-9C2B-CE46C0B0198D}.Debug|Any CPU.Build.0 = Debug|Any CPU
		{7B873223-880F-4734-9C2B-CE46C0B0198D}.Release|Any CPU.ActiveCfg = Release|Any CPU
		{7B873223-880F-4734-9C2B-CE46C0B0198D}.Release|Any CPU.Build.0 = Release|Any CPU
		{05ADCD21-51C3-44BF-880E-2237AB61202D}.Debug|Any CPU.ActiveCfg = Debug|Any CPU
		{05ADCD21-51C3-44BF-880E-2237AB61202D}.Debug|Any CPU.Build.0 = Debug|Any CPU
		{05ADCD21-51C3-44BF-880E-2237AB61202D}.Release|Any CPU.ActiveCfg = Release|Any CPU
		{05ADCD21-51C3-44BF-880E-2237AB61202D}.Release|Any CPU.Build.0 = Release|Any CPU
		{2A926986-6B2C-4683-8C8F-9466BD46A586}.Debug|Any CPU.ActiveCfg = Debug|Any CPU
		{2A926986-6B2C-4683-8C8F-9466BD46A586}.Debug|Any CPU.Build.0 = Debug|Any CPU
		{2A926986-6B2C-4683-8C8F-9466BD46A586}.Release|Any CPU.ActiveCfg = Release|Any CPU
		{2A926986-6B2C-4683-8C8F-9466BD46A586}.Release|Any CPU.Build.0 = Release|Any CPU
		{3A1B040E-C782-4FA7-B3F3-CC886FAC99C1}.Debug|Any CPU.ActiveCfg = Debug|Any CPU
		{3A1B040E-C782-4FA7-B3F3-CC886FAC99C1}.Debug|Any CPU.Build.0 = Debug|Any CPU
		{3A1B040E-C782-4FA7-B3F3-CC886FAC99C1}.Release|Any CPU.ActiveCfg = Release|Any CPU
		{3A1B040E-C782-4FA7-B3F3-CC886FAC99C1}.Release|Any CPU.Build.0 = Release|Any CPU
		{DE847274-2B88-42D7-A3EF-4EB647BE5DB3}.Debug|Any CPU.ActiveCfg = Debug|Any CPU
		{DE847274-2B88-42D7-A3EF-4EB647BE5DB3}.Debug|Any CPU.Build.0 = Debug|Any CPU
		{DE847274-2B88-42D7-A3EF-4EB647BE5DB3}.Release|Any CPU.ActiveCfg = Release|Any CPU
		{DE847274-2B88-42D7-A3EF-4EB647BE5DB3}.Release|Any CPU.Build.0 = Release|Any CPU
		{708A5F40-CC3C-4F0A-ACA5-B07085FA8BE8}.Debug|Any CPU.ActiveCfg = Debug|Any CPU
		{708A5F40-CC3C-4F0A-ACA5-B07085FA8BE8}.Debug|Any CPU.Build.0 = Debug|Any CPU
		{708A5F40-CC3C-4F0A-ACA5-B07085FA8BE8}.Release|Any CPU.ActiveCfg = Release|Any CPU
		{708A5F40-CC3C-4F0A-ACA5-B07085FA8BE8}.Release|Any CPU.Build.0 = Release|Any CPU
		{9581E2DD-6510-4F11-AB29-9A4C44017D90}.Debug|Any CPU.ActiveCfg = Debug|Any CPU
		{9581E2DD-6510-4F11-AB29-9A4C44017D90}.Debug|Any CPU.Build.0 = Debug|Any CPU
		{9581E2DD-6510-4F11-AB29-9A4C44017D90}.Release|Any CPU.ActiveCfg = Release|Any CPU
		{9581E2DD-6510-4F11-AB29-9A4C44017D90}.Release|Any CPU.Build.0 = Release|Any CPU
		{BBC363D5-58A3-43A6-AB76-8F703D313879}.Debug|Any CPU.ActiveCfg = Debug|Any CPU
		{BBC363D5-58A3-43A6-AB76-8F703D313879}.Debug|Any CPU.Build.0 = Debug|Any CPU
		{BBC363D5-58A3-43A6-AB76-8F703D313879}.Release|Any CPU.ActiveCfg = Release|Any CPU
		{BBC363D5-58A3-43A6-AB76-8F703D313879}.Release|Any CPU.Build.0 = Release|Any CPU
		{1B8AF3C8-74CA-493A-938D-18CC23911682}.Debug|Any CPU.ActiveCfg = Debug|Any CPU
		{1B8AF3C8-74CA-493A-938D-18CC23911682}.Debug|Any CPU.Build.0 = Debug|Any CPU
		{1B8AF3C8-74CA-493A-938D-18CC23911682}.Release|Any CPU.ActiveCfg = Release|Any CPU
		{1B8AF3C8-74CA-493A-938D-18CC23911682}.Release|Any CPU.Build.0 = Release|Any CPU
		{9AD96B16-1937-44BB-A060-7679D05BF8CA}.Debug|Any CPU.ActiveCfg = Debug|Any CPU
		{9AD96B16-1937-44BB-A060-7679D05BF8CA}.Debug|Any CPU.Build.0 = Debug|Any CPU
		{9AD96B16-1937-44BB-A060-7679D05BF8CA}.Release|Any CPU.ActiveCfg = Release|Any CPU
		{9AD96B16-1937-44BB-A060-7679D05BF8CA}.Release|Any CPU.Build.0 = Release|Any CPU
		{9B377428-979B-4DA5-9DE5-BDA72EBF9CFE}.Debug|Any CPU.ActiveCfg = Debug|Any CPU
		{9B377428-979B-4DA5-9DE5-BDA72EBF9CFE}.Debug|Any CPU.Build.0 = Debug|Any CPU
		{9B377428-979B-4DA5-9DE5-BDA72EBF9CFE}.Release|Any CPU.ActiveCfg = Release|Any CPU
		{9B377428-979B-4DA5-9DE5-BDA72EBF9CFE}.Release|Any CPU.Build.0 = Release|Any CPU
		{5CF20691-5C36-4481-ACA9-119BAF16E5D4}.Debug|Any CPU.ActiveCfg = Debug|Any CPU
		{5CF20691-5C36-4481-ACA9-119BAF16E5D4}.Debug|Any CPU.Build.0 = Debug|Any CPU
		{5CF20691-5C36-4481-ACA9-119BAF16E5D4}.Release|Any CPU.ActiveCfg = Release|Any CPU
		{5CF20691-5C36-4481-ACA9-119BAF16E5D4}.Release|Any CPU.Build.0 = Release|Any CPU
		{545E569D-8C40-414A-BBC2-2228B6597F98}.Debug|Any CPU.ActiveCfg = Debug|Any CPU
		{545E569D-8C40-414A-BBC2-2228B6597F98}.Debug|Any CPU.Build.0 = Debug|Any CPU
		{545E569D-8C40-414A-BBC2-2228B6597F98}.Release|Any CPU.ActiveCfg = Release|Any CPU
		{545E569D-8C40-414A-BBC2-2228B6597F98}.Release|Any CPU.Build.0 = Release|Any CPU
		{DF48A23E-C1BE-4C16-AF86-DECFDCB1B22A}.Debug|Any CPU.ActiveCfg = Debug|Any CPU
		{DF48A23E-C1BE-4C16-AF86-DECFDCB1B22A}.Debug|Any CPU.Build.0 = Debug|Any CPU
		{DF48A23E-C1BE-4C16-AF86-DECFDCB1B22A}.Release|Any CPU.ActiveCfg = Release|Any CPU
		{DF48A23E-C1BE-4C16-AF86-DECFDCB1B22A}.Release|Any CPU.Build.0 = Release|Any CPU
		{122A9FB2-49D2-4982-BE6A-FCA3B9A0A5BB}.Debug|Any CPU.ActiveCfg = Debug|Any CPU
		{122A9FB2-49D2-4982-BE6A-FCA3B9A0A5BB}.Debug|Any CPU.Build.0 = Debug|Any CPU
		{122A9FB2-49D2-4982-BE6A-FCA3B9A0A5BB}.Release|Any CPU.ActiveCfg = Release|Any CPU
		{122A9FB2-49D2-4982-BE6A-FCA3B9A0A5BB}.Release|Any CPU.Build.0 = Release|Any CPU
		{3D294741-0D69-47B0-A612-5B5B8E5C7E14}.Debug|Any CPU.ActiveCfg = Debug|Any CPU
		{3D294741-0D69-47B0-A612-5B5B8E5C7E14}.Debug|Any CPU.Build.0 = Debug|Any CPU
		{3D294741-0D69-47B0-A612-5B5B8E5C7E14}.Release|Any CPU.ActiveCfg = Release|Any CPU
		{3D294741-0D69-47B0-A612-5B5B8E5C7E14}.Release|Any CPU.Build.0 = Release|Any CPU
		{C10C08E8-875B-4DED-8F3E-243FC553205F}.Debug|Any CPU.ActiveCfg = Debug|Any CPU
		{C10C08E8-875B-4DED-8F3E-243FC553205F}.Debug|Any CPU.Build.0 = Debug|Any CPU
		{C10C08E8-875B-4DED-8F3E-243FC553205F}.Release|Any CPU.ActiveCfg = Release|Any CPU
		{C10C08E8-875B-4DED-8F3E-243FC553205F}.Release|Any CPU.Build.0 = Release|Any CPU
		{6D0B1CA9-DDF7-47FD-9892-361BF789DC7E}.Debug|Any CPU.ActiveCfg = Debug|Any CPU
		{6D0B1CA9-DDF7-47FD-9892-361BF789DC7E}.Debug|Any CPU.Build.0 = Debug|Any CPU
		{6D0B1CA9-DDF7-47FD-9892-361BF789DC7E}.Release|Any CPU.ActiveCfg = Release|Any CPU
		{6D0B1CA9-DDF7-47FD-9892-361BF789DC7E}.Release|Any CPU.Build.0 = Release|Any CPU
		{54BE0967-9D33-4352-A7B6-7E35559628D5}.Debug|Any CPU.ActiveCfg = Debug|Any CPU
		{54BE0967-9D33-4352-A7B6-7E35559628D5}.Debug|Any CPU.Build.0 = Debug|Any CPU
		{54BE0967-9D33-4352-A7B6-7E35559628D5}.Release|Any CPU.ActiveCfg = Release|Any CPU
		{54BE0967-9D33-4352-A7B6-7E35559628D5}.Release|Any CPU.Build.0 = Release|Any CPU
		{CB9851BA-6651-4DE8-9E39-D8EF6314F081}.Debug|Any CPU.ActiveCfg = Debug|Any CPU
		{CB9851BA-6651-4DE8-9E39-D8EF6314F081}.Debug|Any CPU.Build.0 = Debug|Any CPU
		{CB9851BA-6651-4DE8-9E39-D8EF6314F081}.Release|Any CPU.ActiveCfg = Release|Any CPU
		{CB9851BA-6651-4DE8-9E39-D8EF6314F081}.Release|Any CPU.Build.0 = Release|Any CPU
		{1E50E8DA-75BC-454B-ACB4-F7FE5789C1E5}.Debug|Any CPU.ActiveCfg = Debug|Any CPU
		{1E50E8DA-75BC-454B-ACB4-F7FE5789C1E5}.Debug|Any CPU.Build.0 = Debug|Any CPU
		{1E50E8DA-75BC-454B-ACB4-F7FE5789C1E5}.Release|Any CPU.ActiveCfg = Release|Any CPU
		{1E50E8DA-75BC-454B-ACB4-F7FE5789C1E5}.Release|Any CPU.Build.0 = Release|Any CPU
		{D92097A9-7A4A-4DE9-932B-5BF511C7C23D}.Debug|Any CPU.ActiveCfg = Debug|Any CPU
		{D92097A9-7A4A-4DE9-932B-5BF511C7C23D}.Debug|Any CPU.Build.0 = Debug|Any CPU
		{D92097A9-7A4A-4DE9-932B-5BF511C7C23D}.Release|Any CPU.ActiveCfg = Release|Any CPU
		{D92097A9-7A4A-4DE9-932B-5BF511C7C23D}.Release|Any CPU.Build.0 = Release|Any CPU
	EndGlobalSection
	GlobalSection(SolutionProperties) = preSolution
		HideSolutionNode = FALSE
	EndGlobalSection
	GlobalSection(NestedProjects) = preSolution
		{BB999A64-4039-46F6-BF18-A027A093EB98} = {7D8BFDE9-A886-451B-9691-632C466D9432}
		{4791CF57-6DE6-4FB2-9BDE-81E382714A7F} = {7D8BFDE9-A886-451B-9691-632C466D9432}
		{BF03DBE5-263C-473C-96BA-6040AC9BF542} = {7D8BFDE9-A886-451B-9691-632C466D9432}
		{D15CFF21-CF9C-44AE-9FEE-5A6C32DC1B17} = {7D8BFDE9-A886-451B-9691-632C466D9432}
		{1FC7C282-B41D-40AE-A105-2BB90C627279} = {88984988-E708-41FB-B8E5-5BBB0E632F80}
		{B3E0594B-CC6F-493E-AB2D-744FBC67FE6C} = {88984988-E708-41FB-B8E5-5BBB0E632F80}
		{B393832B-23D2-48A5-88EA-0A202642F7E9} = {1FC7C282-B41D-40AE-A105-2BB90C627279}
		{FFFAAE30-F9DC-4B00-8B1D-92BE96B29504} = {8898DFD2-1501-4080-8D38-13C635A73CA5}
		{6B88D2E0-1195-45F4-BA2B-3B1B4487553C} = {8898DFD2-1501-4080-8D38-13C635A73CA5}
		{6DDFD4F7-A9BB-4FAC-836F-D9BE0B559B36} = {B3E0594B-CC6F-493E-AB2D-744FBC67FE6C}
		{9C6EEC93-AC3A-4D19-8FD2-E163F046D38E} = {B3E0594B-CC6F-493E-AB2D-744FBC67FE6C}
		{B6BA21A9-4AC2-422F-8784-55DF16C24F69} = {B3E0594B-CC6F-493E-AB2D-744FBC67FE6C}
		{D4695A69-7584-4AF2-B56E-517D0A36DF23} = {B3E0594B-CC6F-493E-AB2D-744FBC67FE6C}
		{361CB23C-9C27-4110-896C-09F23D112C7F} = {B3E0594B-CC6F-493E-AB2D-744FBC67FE6C}
		{B1AF247B-BD24-4624-A198-C62C0B1D6652} = {BB999A64-4039-46F6-BF18-A027A093EB98}
		{EECF84B8-41BE-4EC5-A087-76D34AEB6790} = {BB999A64-4039-46F6-BF18-A027A093EB98}
		{FD8DC637-155D-4B59-9692-3D29BAA0F0AB} = {4791CF57-6DE6-4FB2-9BDE-81E382714A7F}
		{05ADCD21-51C3-44BF-880E-2237AB61202D} = {4791CF57-6DE6-4FB2-9BDE-81E382714A7F}
		{D76B717E-C705-489B-A8F9-DD69E72FCD5C} = {BF03DBE5-263C-473C-96BA-6040AC9BF542}
		{2A926986-6B2C-4683-8C8F-9466BD46A586} = {BF03DBE5-263C-473C-96BA-6040AC9BF542}
		{3A1B040E-C782-4FA7-B3F3-CC886FAC99C1} = {BF03DBE5-263C-473C-96BA-6040AC9BF542}
		{BBC363D5-58A3-43A6-AB76-8F703D313879} = {BF03DBE5-263C-473C-96BA-6040AC9BF542}
		{D92097A9-7A4A-4DE9-932B-5BF511C7C23D} = {BF03DBE5-263C-473C-96BA-6040AC9BF542}
		{6E906AB0-664E-4C4C-BD59-FADE2B15ADD8} = {F356514B-5DD5-42EB-8213-B76C67E62B37}
		{83F5E650-6ACC-434A-A853-E3C5FF74D3E8} = {F356514B-5DD5-42EB-8213-B76C67E62B37}
		{F00BD78C-FE07-4A86-A4CB-CC7099B9B8AA} = {F356514B-5DD5-42EB-8213-B76C67E62B37}
		{E9B69679-949C-4916-B4E2-D991DAF3695A} = {6E906AB0-664E-4C4C-BD59-FADE2B15ADD8}
		{7B873223-880F-4734-9C2B-CE46C0B0198D} = {6E906AB0-664E-4C4C-BD59-FADE2B15ADD8}
		{DE847274-2B88-42D7-A3EF-4EB647BE5DB3} = {D15CFF21-CF9C-44AE-9FEE-5A6C32DC1B17}
		{708A5F40-CC3C-4F0A-ACA5-B07085FA8BE8} = {D15CFF21-CF9C-44AE-9FEE-5A6C32DC1B17}
		{9581E2DD-6510-4F11-AB29-9A4C44017D90} = {D15CFF21-CF9C-44AE-9FEE-5A6C32DC1B17}
		{7187B809-3F8C-4EF3-B3C4-56AFD1B8A380} = {D15CFF21-CF9C-44AE-9FEE-5A6C32DC1B17}
		{9AD96B16-1937-44BB-A060-7679D05BF8CA} = {D15CFF21-CF9C-44AE-9FEE-5A6C32DC1B17}
		{9B377428-979B-4DA5-9DE5-BDA72EBF9CFE} = {D15CFF21-CF9C-44AE-9FEE-5A6C32DC1B17}
		{8306AF10-7894-45E6-8E4C-B41DA43FD589} = {D15CFF21-CF9C-44AE-9FEE-5A6C32DC1B17}
		{367BB1E1-D802-47AD-BF29-F842826A3A9B} = {7187B809-3F8C-4EF3-B3C4-56AFD1B8A380}
		{586C287C-A65B-4CFD-B997-8F46918A5075} = {7187B809-3F8C-4EF3-B3C4-56AFD1B8A380}
		{CD6199B3-5807-49DD-875A-4E664D9A1970} = {7187B809-3F8C-4EF3-B3C4-56AFD1B8A380}
		{CA1D6449-A7BC-4960-810C-CB8DBBE03C64} = {7187B809-3F8C-4EF3-B3C4-56AFD1B8A380}
		{F3C4E5D5-E5B6-4DCE-B0A6-38D24AE64EDD} = {7187B809-3F8C-4EF3-B3C4-56AFD1B8A380}
		{F24CA66C-4B88-42F9-9A18-15F6746EA370} = {7187B809-3F8C-4EF3-B3C4-56AFD1B8A380}
		{1B8AF3C8-74CA-493A-938D-18CC23911682} = {367BB1E1-D802-47AD-BF29-F842826A3A9B}
		{DF48A23E-C1BE-4C16-AF86-DECFDCB1B22A} = {586C287C-A65B-4CFD-B997-8F46918A5075}
		{5CF20691-5C36-4481-ACA9-119BAF16E5D4} = {83F5E650-6ACC-434A-A853-E3C5FF74D3E8}
		{545E569D-8C40-414A-BBC2-2228B6597F98} = {83F5E650-6ACC-434A-A853-E3C5FF74D3E8}
		{122A9FB2-49D2-4982-BE6A-FCA3B9A0A5BB} = {CD6199B3-5807-49DD-875A-4E664D9A1970}
		{3D294741-0D69-47B0-A612-5B5B8E5C7E14} = {CA1D6449-A7BC-4960-810C-CB8DBBE03C64}
		{C10C08E8-875B-4DED-8F3E-243FC553205F} = {F3C4E5D5-E5B6-4DCE-B0A6-38D24AE64EDD}
		{6D0B1CA9-DDF7-47FD-9892-361BF789DC7E} = {8306AF10-7894-45E6-8E4C-B41DA43FD589}
		{54BE0967-9D33-4352-A7B6-7E35559628D5} = {F24CA66C-4B88-42F9-9A18-15F6746EA370}
		{CB9851BA-6651-4DE8-9E39-D8EF6314F081} = {F00BD78C-FE07-4A86-A4CB-CC7099B9B8AA}
		{1E50E8DA-75BC-454B-ACB4-F7FE5789C1E5} = {F00BD78C-FE07-4A86-A4CB-CC7099B9B8AA}
	EndGlobalSection
EndGlobal
