
Microsoft Visual Studio Solution File, Format Version 12.00
Project("{2150E333-8FDC-42A3-9474-1A3956D46DE8}") = "fwk", "fwk", "{B3F17F3B-C857-4369-9A50-F0CBBAA455E5}"
EndProject
Project("{FAE04EC0-301F-11D3-BF4B-00C04F79EFBC}") = "fwk.common", "fwk\fwk.common\fwk.common.csproj", "{501FED8E-7BC8-4A9F-857C-214829377D61}"
EndProject
Project("{2150E333-8FDC-42A3-9474-1A3956D46DE8}") = "RialtoATS", "RialtoATS", "{D11D4328-75CB-43FB-97EC-2E4D00FC4E34}"
EndProject
Project("{FAE04EC0-301F-11D3-BF4B-00C04F79EFBC}") = "Rialto.BusinessEntities", "Rialto.BusinessEntities\Rialto.BusinessEntities.csproj", "{F041226A-6496-4AEF-BD58-45F7316CBCB4}"
EndProject
Project("{2150E333-8FDC-42A3-9474-1A3956D46DE8}") = "packages", "packages", "{0820AFE0-84B7-4E89-AFD1-B947E849D18C}"
EndProject
Project("{FAE04EC0-301F-11D3-BF4B-00C04F79EFBC}") = "Rialto.Common", "Rialto.Common\Rialto.Common.csproj", "{7E64D77C-AD7B-4DC9-84A9-7E600D476AC2}"
EndProject
Project("{FAE04EC0-301F-11D3-BF4B-00C04F79EFBC}") = "Rialto.LogicLayer", "Rialto.LogicLayer\Rialto.LogicLayer.csproj", "{2422E4B3-8A91-4FC8-8642-947BC3DF3E58}"
EndProject
Project("{2150E333-8FDC-42A3-9474-1A3956D46DE8}") = "Solidus", "Solidus", "{646493C0-1CF2-4BB5-A22F-0BC6EFC2159D}"
EndProject
Project("{FAE04EC0-301F-11D3-BF4B-00C04F79EFBC}") = "Rialto.Solidus.Common", "Solidus\Rialto.Solidus.Common\Rialto.Solidus.Common.csproj", "{BAD64EE6-4111-4039-BF57-BBB3A72A57B8}"
EndProject
Project("{2150E333-8FDC-42A3-9474-1A3956D46DE8}") = "KoreConX", "KoreConX", "{885CF9CB-DACD-4562-A021-D16C35D0337A}"
EndProject
Project("{FAE04EC0-301F-11D3-BF4B-00C04F79EFBC}") = "Rialto.KoreConX.Common", "KoreConX\Rialto.KoreConX.Common\Rialto.KoreConX.Common.csproj", "{78FFA699-24BE-4425-B373-4B6992AAF706}"
EndProject
Project("{FAE04EC0-301F-11D3-BF4B-00C04F79EFBC}") = "Rialto.DataAccessLayer", "Rialto.DataAccessLayer\Rialto.DataAccessLayer.csproj", "{EB3D1632-D7BC-4B37-8D2F-E85BCAD9909F}"
EndProject
Project("{FAE04EC0-301F-11D3-BF4B-00C04F79EFBC}") = "Rialto.ServiceLayer", "Rialto.ServiceLayer\Rialto.ServiceLayer.csproj", "{72A4CDFF-81E0-427D-97C4-2EE214556B0D}"
EndProject
Project("{FAE04EC0-301F-11D3-BF4B-00C04F79EFBC}") = "fwk.ServiceLayer", "fwk\fwk.ServiceLayer\fwk.ServiceLayer.csproj", "{0637F3E3-4E12-4009-BBA4-90C08246E433}"
EndProject
Project("{FAE04EC0-301F-11D3-BF4B-00C04F79EFBC}") = "Rialto.Solidus.ServiceLayer", "Solidus\Rialto.Solidus.ServiceLayer\Rialto.Solidus.ServiceLayer.csproj", "{F570B511-917F-462D-810F-BAE7AA68A9CE}"
EndProject
Project("{FAE04EC0-301F-11D3-BF4B-00C04F79EFBC}") = "Rialto.KoreConX.ServiceLayer", "KoreConX\Rialto.KoreConX.ServiceLayer\Rialto.KoreConX.ServiceLayer.csproj", "{D0BF2E1A-8C13-485D-9BA2-E61109A00825}"
EndProject
Project("{2150E333-8FDC-42A3-9474-1A3956D46DE8}") = "Apps", "Apps", "{B630E703-67EB-4735-A54C-5DC8C23D71A2}"
EndProject
Project("{FAE04EC0-301F-11D3-BF4B-00C04F79EFBC}") = "OnboardingApp", "Apps\OnboardingApp\OnboardingApp.csproj", "{192FB87F-50D5-41A5-AA0C-129788746E0B}"
EndProject
Project("{FAE04EC0-301F-11D3-BF4B-00C04F79EFBC}") = "TestSelfHost", "Apps\TestSelfHost\TestSelfHost.csproj", "{F08D953B-DF10-4024-8812-1D2D9382074B}"
EndProject
Project("{FAE04EC0-301F-11D3-BF4B-00C04F79EFBC}") = "TestSelfHost2", "Apps\TestSelfHost2\TestSelfHost2.csproj", "{E45CDE4C-4FA0-4A63-A722-F361ED709B14}"
EndProject
Project("{2150E333-8FDC-42A3-9474-1A3956D46DE8}") = "Test", "Test", "{8754D3AC-1FCD-48A0-BC9F-390950F21B94}"
EndProject
Project("{FAE04EC0-301F-11D3-BF4B-00C04F79EFBC}") = "PlaidCredentialsLoadApp", "Apps\PlaidCredentialsLoadApp\PlaidCredentialsLoadApp.csproj", "{E6CB7A1D-3F12-45AF-B6D6-C6A58DB9386E}"
EndProject
Global
	GlobalSection(SolutionConfigurationPlatforms) = preSolution
		Debug|Any CPU = Debug|Any CPU
		Release|Any CPU = Release|Any CPU
	EndGlobalSection
	GlobalSection(ProjectConfigurationPlatforms) = postSolution
		{501FED8E-7BC8-4A9F-857C-214829377D61}.Debug|Any CPU.ActiveCfg = Debug|Any CPU
		{501FED8E-7BC8-4A9F-857C-214829377D61}.Debug|Any CPU.Build.0 = Debug|Any CPU
		{501FED8E-7BC8-4A9F-857C-214829377D61}.Release|Any CPU.ActiveCfg = Release|Any CPU
		{501FED8E-7BC8-4A9F-857C-214829377D61}.Release|Any CPU.Build.0 = Release|Any CPU
		{F041226A-6496-4AEF-BD58-45F7316CBCB4}.Debug|Any CPU.ActiveCfg = Debug|Any CPU
		{F041226A-6496-4AEF-BD58-45F7316CBCB4}.Debug|Any CPU.Build.0 = Debug|Any CPU
		{F041226A-6496-4AEF-BD58-45F7316CBCB4}.Release|Any CPU.ActiveCfg = Release|Any CPU
		{F041226A-6496-4AEF-BD58-45F7316CBCB4}.Release|Any CPU.Build.0 = Release|Any CPU
		{7E64D77C-AD7B-4DC9-84A9-7E600D476AC2}.Debug|Any CPU.ActiveCfg = Debug|Any CPU
		{7E64D77C-AD7B-4DC9-84A9-7E600D476AC2}.Debug|Any CPU.Build.0 = Debug|Any CPU
		{7E64D77C-AD7B-4DC9-84A9-7E600D476AC2}.Release|Any CPU.ActiveCfg = Release|Any CPU
		{7E64D77C-AD7B-4DC9-84A9-7E600D476AC2}.Release|Any CPU.Build.0 = Release|Any CPU
		{2422E4B3-8A91-4FC8-8642-947BC3DF3E58}.Debug|Any CPU.ActiveCfg = Debug|Any CPU
		{2422E4B3-8A91-4FC8-8642-947BC3DF3E58}.Debug|Any CPU.Build.0 = Debug|Any CPU
		{2422E4B3-8A91-4FC8-8642-947BC3DF3E58}.Release|Any CPU.ActiveCfg = Release|Any CPU
		{2422E4B3-8A91-4FC8-8642-947BC3DF3E58}.Release|Any CPU.Build.0 = Release|Any CPU
		{BAD64EE6-4111-4039-BF57-BBB3A72A57B8}.Debug|Any CPU.ActiveCfg = Debug|Any CPU
		{BAD64EE6-4111-4039-BF57-BBB3A72A57B8}.Debug|Any CPU.Build.0 = Debug|Any CPU
		{BAD64EE6-4111-4039-BF57-BBB3A72A57B8}.Release|Any CPU.ActiveCfg = Release|Any CPU
		{BAD64EE6-4111-4039-BF57-BBB3A72A57B8}.Release|Any CPU.Build.0 = Release|Any CPU
		{78FFA699-24BE-4425-B373-4B6992AAF706}.Debug|Any CPU.ActiveCfg = Debug|Any CPU
		{78FFA699-24BE-4425-B373-4B6992AAF706}.Debug|Any CPU.Build.0 = Debug|Any CPU
		{78FFA699-24BE-4425-B373-4B6992AAF706}.Release|Any CPU.ActiveCfg = Release|Any CPU
		{78FFA699-24BE-4425-B373-4B6992AAF706}.Release|Any CPU.Build.0 = Release|Any CPU
		{EB3D1632-D7BC-4B37-8D2F-E85BCAD9909F}.Debug|Any CPU.ActiveCfg = Debug|Any CPU
		{EB3D1632-D7BC-4B37-8D2F-E85BCAD9909F}.Debug|Any CPU.Build.0 = Debug|Any CPU
		{EB3D1632-D7BC-4B37-8D2F-E85BCAD9909F}.Release|Any CPU.ActiveCfg = Release|Any CPU
		{EB3D1632-D7BC-4B37-8D2F-E85BCAD9909F}.Release|Any CPU.Build.0 = Release|Any CPU
		{72A4CDFF-81E0-427D-97C4-2EE214556B0D}.Debug|Any CPU.ActiveCfg = Debug|Any CPU
		{72A4CDFF-81E0-427D-97C4-2EE214556B0D}.Debug|Any CPU.Build.0 = Debug|Any CPU
		{72A4CDFF-81E0-427D-97C4-2EE214556B0D}.Release|Any CPU.ActiveCfg = Release|Any CPU
		{72A4CDFF-81E0-427D-97C4-2EE214556B0D}.Release|Any CPU.Build.0 = Release|Any CPU
		{0637F3E3-4E12-4009-BBA4-90C08246E433}.Debug|Any CPU.ActiveCfg = Debug|Any CPU
		{0637F3E3-4E12-4009-BBA4-90C08246E433}.Debug|Any CPU.Build.0 = Debug|Any CPU
		{0637F3E3-4E12-4009-BBA4-90C08246E433}.Release|Any CPU.ActiveCfg = Release|Any CPU
		{0637F3E3-4E12-4009-BBA4-90C08246E433}.Release|Any CPU.Build.0 = Release|Any CPU
		{F570B511-917F-462D-810F-BAE7AA68A9CE}.Debug|Any CPU.ActiveCfg = Debug|Any CPU
		{F570B511-917F-462D-810F-BAE7AA68A9CE}.Debug|Any CPU.Build.0 = Debug|Any CPU
		{F570B511-917F-462D-810F-BAE7AA68A9CE}.Release|Any CPU.ActiveCfg = Release|Any CPU
		{F570B511-917F-462D-810F-BAE7AA68A9CE}.Release|Any CPU.Build.0 = Release|Any CPU
		{D0BF2E1A-8C13-485D-9BA2-E61109A00825}.Debug|Any CPU.ActiveCfg = Debug|Any CPU
		{D0BF2E1A-8C13-485D-9BA2-E61109A00825}.Debug|Any CPU.Build.0 = Debug|Any CPU
		{D0BF2E1A-8C13-485D-9BA2-E61109A00825}.Release|Any CPU.ActiveCfg = Release|Any CPU
		{D0BF2E1A-8C13-485D-9BA2-E61109A00825}.Release|Any CPU.Build.0 = Release|Any CPU
		{192FB87F-50D5-41A5-AA0C-129788746E0B}.Debug|Any CPU.ActiveCfg = Debug|Any CPU
		{192FB87F-50D5-41A5-AA0C-129788746E0B}.Debug|Any CPU.Build.0 = Debug|Any CPU
		{192FB87F-50D5-41A5-AA0C-129788746E0B}.Release|Any CPU.ActiveCfg = Release|Any CPU
		{192FB87F-50D5-41A5-AA0C-129788746E0B}.Release|Any CPU.Build.0 = Release|Any CPU
		{F08D953B-DF10-4024-8812-1D2D9382074B}.Debug|Any CPU.ActiveCfg = Debug|Any CPU
		{F08D953B-DF10-4024-8812-1D2D9382074B}.Debug|Any CPU.Build.0 = Debug|Any CPU
		{F08D953B-DF10-4024-8812-1D2D9382074B}.Release|Any CPU.ActiveCfg = Release|Any CPU
		{F08D953B-DF10-4024-8812-1D2D9382074B}.Release|Any CPU.Build.0 = Release|Any CPU
		{E45CDE4C-4FA0-4A63-A722-F361ED709B14}.Debug|Any CPU.ActiveCfg = Debug|Any CPU
		{E45CDE4C-4FA0-4A63-A722-F361ED709B14}.Debug|Any CPU.Build.0 = Debug|Any CPU
		{E45CDE4C-4FA0-4A63-A722-F361ED709B14}.Release|Any CPU.ActiveCfg = Release|Any CPU
		{E45CDE4C-4FA0-4A63-A722-F361ED709B14}.Release|Any CPU.Build.0 = Release|Any CPU
		{E6CB7A1D-3F12-45AF-B6D6-C6A58DB9386E}.Debug|Any CPU.ActiveCfg = Debug|Any CPU
		{E6CB7A1D-3F12-45AF-B6D6-C6A58DB9386E}.Debug|Any CPU.Build.0 = Debug|Any CPU
		{E6CB7A1D-3F12-45AF-B6D6-C6A58DB9386E}.Release|Any CPU.ActiveCfg = Release|Any CPU
		{E6CB7A1D-3F12-45AF-B6D6-C6A58DB9386E}.Release|Any CPU.Build.0 = Release|Any CPU
	EndGlobalSection
	GlobalSection(NestedProjects) = preSolution
		{501FED8E-7BC8-4A9F-857C-214829377D61} = {B3F17F3B-C857-4369-9A50-F0CBBAA455E5}
		{F041226A-6496-4AEF-BD58-45F7316CBCB4} = {D11D4328-75CB-43FB-97EC-2E4D00FC4E34}
		{7E64D77C-AD7B-4DC9-84A9-7E600D476AC2} = {D11D4328-75CB-43FB-97EC-2E4D00FC4E34}
		{2422E4B3-8A91-4FC8-8642-947BC3DF3E58} = {D11D4328-75CB-43FB-97EC-2E4D00FC4E34}
		{646493C0-1CF2-4BB5-A22F-0BC6EFC2159D} = {D11D4328-75CB-43FB-97EC-2E4D00FC4E34}
		{BAD64EE6-4111-4039-BF57-BBB3A72A57B8} = {646493C0-1CF2-4BB5-A22F-0BC6EFC2159D}
		{885CF9CB-DACD-4562-A021-D16C35D0337A} = {D11D4328-75CB-43FB-97EC-2E4D00FC4E34}
		{78FFA699-24BE-4425-B373-4B6992AAF706} = {885CF9CB-DACD-4562-A021-D16C35D0337A}
		{EB3D1632-D7BC-4B37-8D2F-E85BCAD9909F} = {D11D4328-75CB-43FB-97EC-2E4D00FC4E34}
		{72A4CDFF-81E0-427D-97C4-2EE214556B0D} = {D11D4328-75CB-43FB-97EC-2E4D00FC4E34}
		{0637F3E3-4E12-4009-BBA4-90C08246E433} = {B3F17F3B-C857-4369-9A50-F0CBBAA455E5}
		{F570B511-917F-462D-810F-BAE7AA68A9CE} = {646493C0-1CF2-4BB5-A22F-0BC6EFC2159D}
		{D0BF2E1A-8C13-485D-9BA2-E61109A00825} = {885CF9CB-DACD-4562-A021-D16C35D0337A}
		{192FB87F-50D5-41A5-AA0C-129788746E0B} = {B630E703-67EB-4735-A54C-5DC8C23D71A2}
		{8754D3AC-1FCD-48A0-BC9F-390950F21B94} = {B630E703-67EB-4735-A54C-5DC8C23D71A2}
		{E45CDE4C-4FA0-4A63-A722-F361ED709B14} = {8754D3AC-1FCD-48A0-BC9F-390950F21B94}
		{F08D953B-DF10-4024-8812-1D2D9382074B} = {8754D3AC-1FCD-48A0-BC9F-390950F21B94}
		{E6CB7A1D-3F12-45AF-B6D6-C6A58DB9386E} = {B630E703-67EB-4735-A54C-5DC8C23D71A2}
	EndGlobalSection
EndGlobal
